
Microsoft Visual Studio Solution File, Format Version 10.00
# Visual Studio 2008
Project("{FAE04EC0-301F-11D3-BF4B-00C04F79EFBC}") = "ScriptSmtpAgent", "ScriptSmtpAgent.csproj", "{B4436CDB-F9CC-4473-B5CA-285719BA40E6}"
EndProject
Project("{FAE04EC0-301F-11D3-BF4B-00C04F79EFBC}") = "ScriptAgentTests", "ScriptAgentTests\ScriptAgentTests.csproj", "{621AF8E4-D022-4EE7-B136-D512523EF597}"
	ProjectSection(ProjectDependencies) = postProject
		{B4436CDB-F9CC-4473-B5CA-285719BA40E6} = {B4436CDB-F9CC-4473-B5CA-285719BA40E6}
	EndProjectSection
EndProject
Project("{8BC9CEB9-8B4A-11D0-8D11-00A0C91BC942}") = "nunit-console.exe", "..\..\external\nunit\bin\net-2.0\nunit-console.exe", "{883193CA-8A35-49D7-9A81-8786EF56DDE9}"
EndProject
Global
	GlobalSection(SolutionConfigurationPlatforms) = preSolution
		Debug|Any CPU = Debug|Any CPU
		Release|Any CPU = Release|Any CPU
	EndGlobalSection
	GlobalSection(ProjectConfigurationPlatforms) = postSolution
		{B4436CDB-F9CC-4473-B5CA-285719BA40E6}.Debug|Any CPU.ActiveCfg = Debug|Any CPU
		{B4436CDB-F9CC-4473-B5CA-285719BA40E6}.Debug|Any CPU.Build.0 = Debug|Any CPU
		{B4436CDB-F9CC-4473-B5CA-285719BA40E6}.Release|Any CPU.ActiveCfg = Release|Any CPU
		{B4436CDB-F9CC-4473-B5CA-285719BA40E6}.Release|Any CPU.Build.0 = Release|Any CPU
		{621AF8E4-D022-4EE7-B136-D512523EF597}.Debug|Any CPU.ActiveCfg = Debug|Any CPU
		{621AF8E4-D022-4EE7-B136-D512523EF597}.Debug|Any CPU.Build.0 = Debug|Any CPU
		{621AF8E4-D022-4EE7-B136-D512523EF597}.Release|Any CPU.ActiveCfg = Release|Any CPU
		{621AF8E4-D022-4EE7-B136-D512523EF597}.Release|Any CPU.Build.0 = Release|Any CPU
		{883193CA-8A35-49D7-9A81-8786EF56DDE9}.Debug|Any CPU.ActiveCfg = Debug
		{883193CA-8A35-49D7-9A81-8786EF56DDE9}.Release|Any CPU.ActiveCfg = Debug
	EndGlobalSection
	GlobalSection(SolutionProperties) = preSolution
		HideSolutionNode = FALSE
	EndGlobalSection
EndGlobal
