
Microsoft Visual Studio Solution File, Format Version 10.00
# Visual Studio 2008
Project("{FAE04EC0-301F-11D3-BF4B-00C04F79EFBC}") = "DnsResponder", "DnsResponder.csproj", "{A0C03E4C-549D-4868-8B03-DF2C467C1A47}"
EndProject
Project("{FAE04EC0-301F-11D3-BF4B-00C04F79EFBC}") = "dnsResponderTest", "..\unittests\dnsresponder\dnsResponderTest.csproj", "{032D3352-7B6C-48D1-866C-986AED4E5E69}"
EndProject
Project("{FAE04EC0-301F-11D3-BF4B-00C04F79EFBC}") = "dnsResolver", "..\dns\dnsResolver.csproj", "{AE250214-0E85-4C28-90C9-A006440BCE97}"
EndProject
Project("{8BC9CEB9-8B4A-11D0-8D11-00A0C91BC942}") = "xunit.console.exe", "..\external\xunit\xunit.console.exe", "{DC72CDD1-054B-452F-B920-3FB6D8C44B01}"
EndProject
Global
	GlobalSection(SolutionConfigurationPlatforms) = preSolution
		Debug|Any CPU = Debug|Any CPU
		Release|Any CPU = Release|Any CPU
	EndGlobalSection
	GlobalSection(ProjectConfigurationPlatforms) = postSolution
		{A0C03E4C-549D-4868-8B03-DF2C467C1A47}.Debug|Any CPU.ActiveCfg = Debug|Any CPU
		{A0C03E4C-549D-4868-8B03-DF2C467C1A47}.Debug|Any CPU.Build.0 = Debug|Any CPU
		{A0C03E4C-549D-4868-8B03-DF2C467C1A47}.Release|Any CPU.ActiveCfg = Release|Any CPU
		{A0C03E4C-549D-4868-8B03-DF2C467C1A47}.Release|Any CPU.Build.0 = Release|Any CPU
		{032D3352-7B6C-48D1-866C-986AED4E5E69}.Debug|Any CPU.ActiveCfg = Debug|Any CPU
		{032D3352-7B6C-48D1-866C-986AED4E5E69}.Debug|Any CPU.Build.0 = Debug|Any CPU
		{032D3352-7B6C-48D1-866C-986AED4E5E69}.Release|Any CPU.ActiveCfg = Release|Any CPU
		{032D3352-7B6C-48D1-866C-986AED4E5E69}.Release|Any CPU.Build.0 = Release|Any CPU
		{AE250214-0E85-4C28-90C9-A006440BCE97}.Debug|Any CPU.ActiveCfg = Debug|Any CPU
		{AE250214-0E85-4C28-90C9-A006440BCE97}.Debug|Any CPU.Build.0 = Debug|Any CPU
		{AE250214-0E85-4C28-90C9-A006440BCE97}.Release|Any CPU.ActiveCfg = Release|Any CPU
		{AE250214-0E85-4C28-90C9-A006440BCE97}.Release|Any CPU.Build.0 = Release|Any CPU
		{DC72CDD1-054B-452F-B920-3FB6D8C44B01}.Debug|Any CPU.ActiveCfg = Debug
		{DC72CDD1-054B-452F-B920-3FB6D8C44B01}.Release|Any CPU.ActiveCfg = Debug
	EndGlobalSection
	GlobalSection(SolutionProperties) = preSolution
		HideSolutionNode = FALSE
	EndGlobalSection
EndGlobal
