
Microsoft Visual Studio Solution File, Format Version 10.00
# Visual C# Express 2008
Project("{FAE04EC0-301F-11D3-BF4B-00C04F79EFBC}") = "configClient", "..\config\client\configClient.csproj", "{2EA3D265-4E39-4631-85F3-1DC6B5103C71}"
EndProject
Project("{FAE04EC0-301F-11D3-BF4B-00C04F79EFBC}") = "configStore", "..\config\store\configStore.csproj", "{8A3A4FB1-2DDA-4A51-890D-DC558C7A4E11}"
EndProject
Project("{FAE04EC0-301F-11D3-BF4B-00C04F79EFBC}") = "nhinCommon", "..\common\nhinCommon.csproj", "{6A48C90B-0BD0-4F19-BBAE-B973AD504902}"
EndProject
Project("{FAE04EC0-301F-11D3-BF4B-00C04F79EFBC}") = "diagnostics", "..\diagnostics\diagnostics.csproj", "{EB202550-ACE7-40CC-9F1C-68BA4D138EBB}"
EndProject
Global
	GlobalSection(SolutionConfigurationPlatforms) = preSolution
		Debug|Any CPU = Debug|Any CPU
		Release|Any CPU = Release|Any CPU
	EndGlobalSection
	GlobalSection(ProjectConfigurationPlatforms) = postSolution
		{2EA3D265-4E39-4631-85F3-1DC6B5103C71}.Debug|Any CPU.ActiveCfg = Debug|Any CPU
		{2EA3D265-4E39-4631-85F3-1DC6B5103C71}.Debug|Any CPU.Build.0 = Debug|Any CPU
		{2EA3D265-4E39-4631-85F3-1DC6B5103C71}.Release|Any CPU.ActiveCfg = Release|Any CPU
		{2EA3D265-4E39-4631-85F3-1DC6B5103C71}.Release|Any CPU.Build.0 = Release|Any CPU
		{8A3A4FB1-2DDA-4A51-890D-DC558C7A4E11}.Debug|Any CPU.ActiveCfg = Debug|Any CPU
		{8A3A4FB1-2DDA-4A51-890D-DC558C7A4E11}.Debug|Any CPU.Build.0 = Debug|Any CPU
		{8A3A4FB1-2DDA-4A51-890D-DC558C7A4E11}.Release|Any CPU.ActiveCfg = Release|Any CPU
		{8A3A4FB1-2DDA-4A51-890D-DC558C7A4E11}.Release|Any CPU.Build.0 = Release|Any CPU
		{6A48C90B-0BD0-4F19-BBAE-B973AD504902}.Debug|Any CPU.ActiveCfg = Debug|Any CPU
		{6A48C90B-0BD0-4F19-BBAE-B973AD504902}.Debug|Any CPU.Build.0 = Debug|Any CPU
		{6A48C90B-0BD0-4F19-BBAE-B973AD504902}.Release|Any CPU.ActiveCfg = Release|Any CPU
		{6A48C90B-0BD0-4F19-BBAE-B973AD504902}.Release|Any CPU.Build.0 = Release|Any CPU
		{EB202550-ACE7-40CC-9F1C-68BA4D138EBB}.Debug|Any CPU.ActiveCfg = Debug|Any CPU
		{EB202550-ACE7-40CC-9F1C-68BA4D138EBB}.Debug|Any CPU.Build.0 = Debug|Any CPU
		{EB202550-ACE7-40CC-9F1C-68BA4D138EBB}.Release|Any CPU.ActiveCfg = Release|Any CPU
		{EB202550-ACE7-40CC-9F1C-68BA4D138EBB}.Release|Any CPU.Build.0 = Release|Any CPU
	EndGlobalSection
	GlobalSection(SolutionProperties) = preSolution
		HideSolutionNode = FALSE
	EndGlobalSection
EndGlobal
