
Microsoft Visual Studio Solution File, Format Version 10.00
# Visual Studio 2008
Project("{FAE04EC0-301F-11D3-BF4B-00C04F79EFBC}") = "smtpagenttests", "smtpagenttests.csproj", "{0063CEEB-E7EB-4E87-A0E9-E9962AF74548}"
EndProject
Project("{8BC9CEB9-8B4A-11D0-8D11-00A0C91BC942}") = "nunit-console.exe", "..\..\external\nunit\bin\net-2.0\nunit-console.exe", "{DC947E25-88BE-423C-A00E-E623B9B6650C}"
EndProject
Global
	GlobalSection(SolutionConfigurationPlatforms) = preSolution
		Debug|Any CPU = Debug|Any CPU
		Release|Any CPU = Release|Any CPU
	EndGlobalSection
	GlobalSection(ProjectConfigurationPlatforms) = postSolution
		{0063CEEB-E7EB-4E87-A0E9-E9962AF74548}.Debug|Any CPU.ActiveCfg = Debug|Any CPU
		{0063CEEB-E7EB-4E87-A0E9-E9962AF74548}.Debug|Any CPU.Build.0 = Debug|Any CPU
		{0063CEEB-E7EB-4E87-A0E9-E9962AF74548}.Release|Any CPU.ActiveCfg = Release|Any CPU
		{0063CEEB-E7EB-4E87-A0E9-E9962AF74548}.Release|Any CPU.Build.0 = Release|Any CPU
		{DC947E25-88BE-423C-A00E-E623B9B6650C}.Debug|Any CPU.ActiveCfg = Debug
		{DC947E25-88BE-423C-A00E-E623B9B6650C}.Release|Any CPU.ActiveCfg = Debug
	EndGlobalSection
	GlobalSection(SolutionProperties) = preSolution
		HideSolutionNode = FALSE
	EndGlobalSection
EndGlobal
