
Microsoft Visual Studio Solution File, Format Version 10.00
# Visual Studio 2008
Project("{FAE04EC0-301F-11D3-BF4B-00C04F79EFBC}") = "agentTests", "agent\agentTests.csproj", "{86240CF2-AC3E-4CF1-9E3C-2E9DE82AD23F}"
EndProject
Project("{FAE04EC0-301F-11D3-BF4B-00C04F79EFBC}") = "dnsResolverTests", "dns\dnsResolverTests.csproj", "{27B9597C-906C-4BED-BD4B-0734BF022D23}"
EndProject
Project("{FAE04EC0-301F-11D3-BF4B-00C04F79EFBC}") = "nhinCommonTests", "nhinCommonTests\nhinCommonTests.csproj", "{7E1FA376-3372-4DF4-8AED-4DEE68A20152}"
EndProject
Project("{FAE04EC0-301F-11D3-BF4B-00C04F79EFBC}") = "smtpagenttests", "smtpAgent\smtpagenttests.csproj", "{0063CEEB-E7EB-4E87-A0E9-E9962AF74548}"
EndProject
Global
	GlobalSection(SolutionConfigurationPlatforms) = preSolution
		Debug|Any CPU = Debug|Any CPU
		Release|Any CPU = Release|Any CPU
	EndGlobalSection
	GlobalSection(ProjectConfigurationPlatforms) = postSolution
		{86240CF2-AC3E-4CF1-9E3C-2E9DE82AD23F}.Debug|Any CPU.ActiveCfg = Debug|Any CPU
		{86240CF2-AC3E-4CF1-9E3C-2E9DE82AD23F}.Debug|Any CPU.Build.0 = Debug|Any CPU
		{86240CF2-AC3E-4CF1-9E3C-2E9DE82AD23F}.Release|Any CPU.ActiveCfg = Release|Any CPU
		{86240CF2-AC3E-4CF1-9E3C-2E9DE82AD23F}.Release|Any CPU.Build.0 = Release|Any CPU
		{27B9597C-906C-4BED-BD4B-0734BF022D23}.Debug|Any CPU.ActiveCfg = Debug|Any CPU
		{27B9597C-906C-4BED-BD4B-0734BF022D23}.Debug|Any CPU.Build.0 = Debug|Any CPU
		{27B9597C-906C-4BED-BD4B-0734BF022D23}.Release|Any CPU.ActiveCfg = Release|Any CPU
		{27B9597C-906C-4BED-BD4B-0734BF022D23}.Release|Any CPU.Build.0 = Release|Any CPU
		{7E1FA376-3372-4DF4-8AED-4DEE68A20152}.Debug|Any CPU.ActiveCfg = Debug|Any CPU
		{7E1FA376-3372-4DF4-8AED-4DEE68A20152}.Debug|Any CPU.Build.0 = Debug|Any CPU
		{7E1FA376-3372-4DF4-8AED-4DEE68A20152}.Release|Any CPU.ActiveCfg = Release|Any CPU
		{7E1FA376-3372-4DF4-8AED-4DEE68A20152}.Release|Any CPU.Build.0 = Release|Any CPU
		{0063CEEB-E7EB-4E87-A0E9-E9962AF74548}.Debug|Any CPU.ActiveCfg = Debug|Any CPU
		{0063CEEB-E7EB-4E87-A0E9-E9962AF74548}.Debug|Any CPU.Build.0 = Debug|Any CPU
		{0063CEEB-E7EB-4E87-A0E9-E9962AF74548}.Release|Any CPU.ActiveCfg = Release|Any CPU
		{0063CEEB-E7EB-4E87-A0E9-E9962AF74548}.Release|Any CPU.Build.0 = Release|Any CPU
	EndGlobalSection
	GlobalSection(SolutionProperties) = preSolution
		HideSolutionNode = FALSE
	EndGlobalSection
EndGlobal
